<Solution>
  <Folder Name="/Pages/">
    <File Path="Interfaces/About.xaml" />
    <File Path="Interfaces/About.xaml.cs" />
    <File Path="Interfaces/Accueil.xaml" />
    <File Path="Interfaces/Accueil.xaml.cs" />
    <File Path="Interfaces/Calculateur.xaml" />
    <File Path="Interfaces/Calculateur.xaml.cs" />
    <File Path="Interfaces/RFC.xaml" />
    <File Path="Interfaces/RFC.xaml.cs" />
  </Folder>
  <Project Path="Interfaces/Interfaces.csproj" />
  <Project Path="Systeme/Systeme.csproj" Id="1bba0909-41de-42f0-aac2-232ecfd3ca54" />
</Solution>
